
Microsoft Visual Studio Solution File, Format Version 12.00
# Visual Studio Version 17
VisualStudioVersion = 17.8.34322.80
MinimumVisualStudioVersion = 10.0.40219.1
Project("{FAE04EC0-301F-11D3-BF4B-00C04F79EFBC}") = "ProfController", "ProfController.csproj", "{BACF292B-0A45-43F5-83E0-44FAF3151700}"
EndProject
Global
	GlobalSection(SolutionConfigurationPlatforms) = preSolution
		Debug|Any CPU = Debug|Any CPU
		Release|Any CPU = Release|Any CPU
	EndGlobalSection
	GlobalSection(ProjectConfigurationPlatforms) = postSolution
		{BACF292B-0A45-43F5-83E0-44FAF3151700}.Debug|Any CPU.ActiveCfg = Debug|Any CPU
		{BACF292B-0A45-43F5-83E0-44FAF3151700}.Debug|Any CPU.Build.0 = Debug|Any CPU
		{BACF292B-0A45-43F5-83E0-44FAF3151700}.Release|Any CPU.ActiveCfg = Release|Any CPU
		{BACF292B-0A45-43F5-83E0-44FAF3151700}.Release|Any CPU.Build.0 = Release|Any CPU
	EndGlobalSection
	GlobalSection(SolutionProperties) = preSolution
		HideSolutionNode = FALSE
	EndGlobalSection
	GlobalSection(ExtensibilityGlobals) = postSolution
		SolutionGuid = {1A88433E-FD38-4F3B-81C7-17D337E198DF}
	EndGlobalSection
EndGlobal
